
Microsoft Visual Studio Solution File, Format Version 12.00
# Visual Studio Version 16
VisualStudioVersion = 16.0.31205.134
MinimumVisualStudioVersion = 10.0.40219.1
Project("{FAE04EC0-301F-11D3-BF4B-00C04F79EFBC}") = "WA30", "WA30\WA30.csproj", "{25CDB044-5711-4A75-A0BD-803C0D3844BC}"
EndProject
Project("{9A19103F-16F7-4668-BE54-9A1E7A4F7556}") = "Northwind.Model", "Northwind.Model\Northwind.Model.csproj", "{9A6A83B1-5381-4707-BB94-E073D754D1EC}"
EndProject
Project("{9A19103F-16F7-4668-BE54-9A1E7A4F7556}") = "Northwind.Data", "Northwind.Data\Northwind.Data.csproj", "{DA809B6E-A8B4-452A-8C74-0F9BFC4D929F}"
EndProject
Global
	GlobalSection(SolutionConfigurationPlatforms) = preSolution
		Debug|Any CPU = Debug|Any CPU
		Release|Any CPU = Release|Any CPU
	EndGlobalSection
	GlobalSection(ProjectConfigurationPlatforms) = postSolution
		{25CDB044-5711-4A75-A0BD-803C0D3844BC}.Debug|Any CPU.ActiveCfg = Debug|Any CPU
		{25CDB044-5711-4A75-A0BD-803C0D3844BC}.Debug|Any CPU.Build.0 = Debug|Any CPU
		{25CDB044-5711-4A75-A0BD-803C0D3844BC}.Release|Any CPU.ActiveCfg = Release|Any CPU
		{25CDB044-5711-4A75-A0BD-803C0D3844BC}.Release|Any CPU.Build.0 = Release|Any CPU
		{9A6A83B1-5381-4707-BB94-E073D754D1EC}.Debug|Any CPU.ActiveCfg = Debug|Any CPU
		{9A6A83B1-5381-4707-BB94-E073D754D1EC}.Debug|Any CPU.Build.0 = Debug|Any CPU
		{9A6A83B1-5381-4707-BB94-E073D754D1EC}.Release|Any CPU.ActiveCfg = Release|Any CPU
		{9A6A83B1-5381-4707-BB94-E073D754D1EC}.Release|Any CPU.Build.0 = Release|Any CPU
		{DA809B6E-A8B4-452A-8C74-0F9BFC4D929F}.Debug|Any CPU.ActiveCfg = Debug|Any CPU
		{DA809B6E-A8B4-452A-8C74-0F9BFC4D929F}.Debug|Any CPU.Build.0 = Debug|Any CPU
		{DA809B6E-A8B4-452A-8C74-0F9BFC4D929F}.Release|Any CPU.ActiveCfg = Release|Any CPU
		{DA809B6E-A8B4-452A-8C74-0F9BFC4D929F}.Release|Any CPU.Build.0 = Release|Any CPU
	EndGlobalSection
	GlobalSection(SolutionProperties) = preSolution
		HideSolutionNode = FALSE
	EndGlobalSection
	GlobalSection(ExtensibilityGlobals) = postSolution
		SolutionGuid = {DA893388-859E-4471-ADBD-A6AA36706EC3}
	EndGlobalSection
EndGlobal
