
Microsoft Visual Studio Solution File, Format Version 12.00
# Visual Studio Version 16
VisualStudioVersion = 16.0.31205.134
MinimumVisualStudioVersion = 10.0.40219.1
Project("{FAE04EC0-301F-11D3-BF4B-00C04F79EFBC}") = "CA4", "CA4\CA4.csproj", "{2BC2B3A1-1534-4EF1-A62D-FEACAC08F4C3}"
EndProject
Project("{FAE04EC0-301F-11D3-BF4B-00C04F79EFBC}") = "CA41", "CA41\CA41.csproj", "{DC953EA8-FCAC-48DA-B178-70A33E5F86D5}"
EndProject
Global
	GlobalSection(SolutionConfigurationPlatforms) = preSolution
		Debug|Any CPU = Debug|Any CPU
		Release|Any CPU = Release|Any CPU
	EndGlobalSection
	GlobalSection(ProjectConfigurationPlatforms) = postSolution
		{2BC2B3A1-1534-4EF1-A62D-FEACAC08F4C3}.Debug|Any CPU.ActiveCfg = Debug|Any CPU
		{2BC2B3A1-1534-4EF1-A62D-FEACAC08F4C3}.Debug|Any CPU.Build.0 = Debug|Any CPU
		{2BC2B3A1-1534-4EF1-A62D-FEACAC08F4C3}.Release|Any CPU.ActiveCfg = Release|Any CPU
		{2BC2B3A1-1534-4EF1-A62D-FEACAC08F4C3}.Release|Any CPU.Build.0 = Release|Any CPU
		{DC953EA8-FCAC-48DA-B178-70A33E5F86D5}.Debug|Any CPU.ActiveCfg = Debug|Any CPU
		{DC953EA8-FCAC-48DA-B178-70A33E5F86D5}.Debug|Any CPU.Build.0 = Debug|Any CPU
		{DC953EA8-FCAC-48DA-B178-70A33E5F86D5}.Release|Any CPU.ActiveCfg = Release|Any CPU
		{DC953EA8-FCAC-48DA-B178-70A33E5F86D5}.Release|Any CPU.Build.0 = Release|Any CPU
	EndGlobalSection
	GlobalSection(SolutionProperties) = preSolution
		HideSolutionNode = FALSE
	EndGlobalSection
	GlobalSection(ExtensibilityGlobals) = postSolution
		SolutionGuid = {55BBD22B-520E-4FD5-B222-077F6DA2EF4B}
	EndGlobalSection
EndGlobal
