
Microsoft Visual Studio Solution File, Format Version 12.00
# Visual Studio Version 16
VisualStudioVersion = 16.0.31410.357
MinimumVisualStudioVersion = 10.0.40219.1
Project("{FAE04EC0-301F-11D3-BF4B-00C04F79EFBC}") = "WA70", "WA70\WA70.csproj", "{A4DA0E09-51A8-4883-9CDE-7B7C804668E6}"
EndProject
Global
	GlobalSection(SolutionConfigurationPlatforms) = preSolution
		Debug|Any CPU = Debug|Any CPU
		Release|Any CPU = Release|Any CPU
	EndGlobalSection
	GlobalSection(ProjectConfigurationPlatforms) = postSolution
		{A4DA0E09-51A8-4883-9CDE-7B7C804668E6}.Debug|Any CPU.ActiveCfg = Debug|Any CPU
		{A4DA0E09-51A8-4883-9CDE-7B7C804668E6}.Debug|Any CPU.Build.0 = Debug|Any CPU
		{A4DA0E09-51A8-4883-9CDE-7B7C804668E6}.Release|Any CPU.ActiveCfg = Release|Any CPU
		{A4DA0E09-51A8-4883-9CDE-7B7C804668E6}.Release|Any CPU.Build.0 = Release|Any CPU
	EndGlobalSection
	GlobalSection(SolutionProperties) = preSolution
		HideSolutionNode = FALSE
	EndGlobalSection
	GlobalSection(ExtensibilityGlobals) = postSolution
		SolutionGuid = {348FF50C-50F5-47F2-9728-290AFDAC553E}
	EndGlobalSection
EndGlobal
