
Microsoft Visual Studio Solution File, Format Version 12.00
# Visual Studio Version 16
VisualStudioVersion = 16.0.31424.327
MinimumVisualStudioVersion = 10.0.40219.1
Project("{FAE04EC0-301F-11D3-BF4B-00C04F79EFBC}") = "WA90", "WA90\WA90.csproj", "{536B085C-57E0-44EB-8355-D28D05D79725}"
EndProject
Project("{FAE04EC0-301F-11D3-BF4B-00C04F79EFBC}") = "WA90.Data", "WA90.Data\WA90.Data.csproj", "{E28B8581-AC7E-4E35-B8D9-6D15EEAE28D0}"
EndProject
Project("{FAE04EC0-301F-11D3-BF4B-00C04F79EFBC}") = "WA90.Tests", "WA90.Tests\WA90.Tests.csproj", "{3170B32E-FCEA-45E8-858E-176823A43C01}"
EndProject
Global
	GlobalSection(SolutionConfigurationPlatforms) = preSolution
		Debug|Any CPU = Debug|Any CPU
		Release|Any CPU = Release|Any CPU
	EndGlobalSection
	GlobalSection(ProjectConfigurationPlatforms) = postSolution
		{536B085C-57E0-44EB-8355-D28D05D79725}.Debug|Any CPU.ActiveCfg = Debug|Any CPU
		{536B085C-57E0-44EB-8355-D28D05D79725}.Debug|Any CPU.Build.0 = Debug|Any CPU
		{536B085C-57E0-44EB-8355-D28D05D79725}.Release|Any CPU.ActiveCfg = Release|Any CPU
		{536B085C-57E0-44EB-8355-D28D05D79725}.Release|Any CPU.Build.0 = Release|Any CPU
		{E28B8581-AC7E-4E35-B8D9-6D15EEAE28D0}.Debug|Any CPU.ActiveCfg = Debug|Any CPU
		{E28B8581-AC7E-4E35-B8D9-6D15EEAE28D0}.Debug|Any CPU.Build.0 = Debug|Any CPU
		{E28B8581-AC7E-4E35-B8D9-6D15EEAE28D0}.Release|Any CPU.ActiveCfg = Release|Any CPU
		{E28B8581-AC7E-4E35-B8D9-6D15EEAE28D0}.Release|Any CPU.Build.0 = Release|Any CPU
		{3170B32E-FCEA-45E8-858E-176823A43C01}.Debug|Any CPU.ActiveCfg = Debug|Any CPU
		{3170B32E-FCEA-45E8-858E-176823A43C01}.Debug|Any CPU.Build.0 = Debug|Any CPU
		{3170B32E-FCEA-45E8-858E-176823A43C01}.Release|Any CPU.ActiveCfg = Release|Any CPU
		{3170B32E-FCEA-45E8-858E-176823A43C01}.Release|Any CPU.Build.0 = Release|Any CPU
	EndGlobalSection
	GlobalSection(SolutionProperties) = preSolution
		HideSolutionNode = FALSE
	EndGlobalSection
	GlobalSection(ExtensibilityGlobals) = postSolution
		SolutionGuid = {ED963E21-713D-4DB4-A676-3449C0D9D7CD}
	EndGlobalSection
EndGlobal
