
Microsoft Visual Studio Solution File, Format Version 12.00
# Visual Studio Version 16
VisualStudioVersion = 16.0.31321.278
MinimumVisualStudioVersion = 10.0.40219.1
Project("{9A19103F-16F7-4668-BE54-9A1E7A4F7556}") = "Northwind.Store.UI.Web.Intranet", "Northwind.Store.UI.Web.Intranet\Northwind.Store.UI.Web.Intranet.csproj", "{D13A142A-5DEE-4CBD-8407-CD10972B9B84}"
EndProject
Project("{9A19103F-16F7-4668-BE54-9A1E7A4F7556}") = "Northwind.Store.Model", "Northwind.Store.Model\Northwind.Store.Model.csproj", "{FD5704A2-047B-4305-B80E-C37405DB3C24}"
EndProject
Project("{9A19103F-16F7-4668-BE54-9A1E7A4F7556}") = "Northwind.Store.Data", "Northwind.Store.Data\Northwind.Store.Data.csproj", "{B7FC086F-4333-434F-947F-2D6D5A8E31EE}"
EndProject
Project("{9A19103F-16F7-4668-BE54-9A1E7A4F7556}") = "Northwind.Store.Notification", "Northwind.Store.Notification\Northwind.Store.Notification.csproj", "{67B2C9C5-9E22-4C4C-9A1E-875C1A7D2B44}"
EndProject
Global
	GlobalSection(SolutionConfigurationPlatforms) = preSolution
		Debug|Any CPU = Debug|Any CPU
		Release|Any CPU = Release|Any CPU
	EndGlobalSection
	GlobalSection(ProjectConfigurationPlatforms) = postSolution
		{D13A142A-5DEE-4CBD-8407-CD10972B9B84}.Debug|Any CPU.ActiveCfg = Debug|Any CPU
		{D13A142A-5DEE-4CBD-8407-CD10972B9B84}.Debug|Any CPU.Build.0 = Debug|Any CPU
		{D13A142A-5DEE-4CBD-8407-CD10972B9B84}.Release|Any CPU.ActiveCfg = Release|Any CPU
		{D13A142A-5DEE-4CBD-8407-CD10972B9B84}.Release|Any CPU.Build.0 = Release|Any CPU
		{FD5704A2-047B-4305-B80E-C37405DB3C24}.Debug|Any CPU.ActiveCfg = Debug|Any CPU
		{FD5704A2-047B-4305-B80E-C37405DB3C24}.Debug|Any CPU.Build.0 = Debug|Any CPU
		{FD5704A2-047B-4305-B80E-C37405DB3C24}.Release|Any CPU.ActiveCfg = Release|Any CPU
		{FD5704A2-047B-4305-B80E-C37405DB3C24}.Release|Any CPU.Build.0 = Release|Any CPU
		{B7FC086F-4333-434F-947F-2D6D5A8E31EE}.Debug|Any CPU.ActiveCfg = Debug|Any CPU
		{B7FC086F-4333-434F-947F-2D6D5A8E31EE}.Debug|Any CPU.Build.0 = Debug|Any CPU
		{B7FC086F-4333-434F-947F-2D6D5A8E31EE}.Release|Any CPU.ActiveCfg = Release|Any CPU
		{B7FC086F-4333-434F-947F-2D6D5A8E31EE}.Release|Any CPU.Build.0 = Release|Any CPU
		{67B2C9C5-9E22-4C4C-9A1E-875C1A7D2B44}.Debug|Any CPU.ActiveCfg = Debug|Any CPU
		{67B2C9C5-9E22-4C4C-9A1E-875C1A7D2B44}.Debug|Any CPU.Build.0 = Debug|Any CPU
		{67B2C9C5-9E22-4C4C-9A1E-875C1A7D2B44}.Release|Any CPU.ActiveCfg = Release|Any CPU
		{67B2C9C5-9E22-4C4C-9A1E-875C1A7D2B44}.Release|Any CPU.Build.0 = Release|Any CPU
	EndGlobalSection
	GlobalSection(SolutionProperties) = preSolution
		HideSolutionNode = FALSE
	EndGlobalSection
	GlobalSection(ExtensibilityGlobals) = postSolution
		SolutionGuid = {69023679-10B3-4C67-9CD2-B9C4E1FAD112}
	EndGlobalSection
EndGlobal
